{
  "requires": true,
  "lockfileVersion": 1,
  "dependencies": {
<<<<<<< HEAD
    "ng-bootstrap-form-validation": {
      "version": "3.0.3",
      "resolved": "https://registry.npmjs.org/ng-bootstrap-form-validation/-/ng-bootstrap-form-validation-3.0.3.tgz",
      "integrity": "sha512-snLFhG5B0YNCFCtt1BO/aiClQtRCp4g+Mp4MEvONQXTazZs8PQf1LvNgdEJfJXw7S2n03CiaQu5XNi8kICfbDA==",
      "requires": {
        "tslib": "^1.9.0"
      }
    },
    "tslib": {
      "version": "1.9.3",
      "resolved": "https://registry.npmjs.org/tslib/-/tslib-1.9.3.tgz",
      "integrity": "sha512-4krF8scpejhaOgqzBEcGM7yDIEfi0/8+8zDRZhNZZ2kjmHJ4hv3zCbQWxoJGz1iw5U0Jl0nma13xzHXcncMavQ=="
=======
    "crypto-js": {
      "version": "3.1.9-1",
      "resolved": "https://registry.npmjs.org/crypto-js/-/crypto-js-3.1.9-1.tgz",
      "integrity": "sha1-/aGedh/Ad+Af+/3G6f38WeiAbNg="
>>>>>>> 3db638e7fda5bb5f903235eb6183e9e16ac7e1fa
    }
  }
}
